
Microsoft Visual Studio Solution File, Format Version 12.00
# Visual Studio 15
VisualStudioVersion = 15.0.26730.12
MinimumVisualStudioVersion = 10.0.40219.1
Project("{FAE04EC0-301F-11D3-BF4B-00C04F79EFBC}") = "IdentityServerExternalAuth", "IdentityServerExternalAuth\IdentityServerExternalAuth.csproj", "{915C519B-8BA0-47CC-924B-33A7C509B605}"
EndProject
Global
	GlobalSection(SolutionConfigurationPlatforms) = preSolution
		Debug|Any CPU = Debug|Any CPU
		Release|Any CPU = Release|Any CPU
	EndGlobalSection
	GlobalSection(ProjectConfigurationPlatforms) = postSolution
		{915C519B-8BA0-47CC-924B-33A7C509B605}.Debug|Any CPU.ActiveCfg = Debug|Any CPU
		{915C519B-8BA0-47CC-924B-33A7C509B605}.Debug|Any CPU.Build.0 = Debug|Any CPU
		{915C519B-8BA0-47CC-924B-33A7C509B605}.Release|Any CPU.ActiveCfg = Release|Any CPU
		{915C519B-8BA0-47CC-924B-33A7C509B605}.Release|Any CPU.Build.0 = Release|Any CPU
	EndGlobalSection
	GlobalSection(SolutionProperties) = preSolution
		HideSolutionNode = FALSE
	EndGlobalSection
	GlobalSection(ExtensibilityGlobals) = postSolution
		SolutionGuid = {FD254A9B-5467-497F-B5B3-C35D032239B5}
	EndGlobalSection
EndGlobal
